
Microsoft Visual Studio Solution File, Format Version 12.00
# Visual Studio Version 16
VisualStudioVersion = 16.0.30406.217
MinimumVisualStudioVersion = 10.0.40219.1
Project("{9A19103F-16F7-4668-BE54-9A1E7A4F7556}") = "Phyros.Athena", "Phyros.Athena\Phyros.Athena.csproj", "{73BC4407-C563-4CC8-95E9-77EDE06B3D1A}"
EndProject
Project("{2150E333-8FDC-42A3-9474-1A3956D46DE8}") = "1. Presentation", "1. Presentation", "{F6228359-0E0E-4203-BE89-441B14E367A8}"
EndProject
Project("{9A19103F-16F7-4668-BE54-9A1E7A4F7556}") = "Phyros.Athena.Test", "Phyros.Athena.Test\Phyros.Athena.Test.csproj", "{4F9FD2C9-97A7-4A66-84AB-EAB26D0ACE37}"
EndProject
Project("{9A19103F-16F7-4668-BE54-9A1E7A4F7556}") = "Phyros.Athena.Composition", "Phyros.Athena.Composition\Phyros.Athena.Composition.csproj", "{CDD07517-BE2F-4B65-8A62-5B958025E507}"
EndProject
Project("{2150E333-8FDC-42A3-9474-1A3956D46DE8}") = "2. Managers", "2. Managers", "{AC52770B-348C-4C90-B312-85AB32CF63D8}"
EndProject
Project("{2150E333-8FDC-42A3-9474-1A3956D46DE8}") = "3. Engines", "3. Engines", "{A3EB8481-2D21-4B4D-AFA4-4FCF0C96C3A1}"
EndProject
Project("{2150E333-8FDC-42A3-9474-1A3956D46DE8}") = "4.Infrastructure", "4.Infrastructure", "{2E9FB976-847F-4BCB-9018-D51D99868BEB}"
EndProject
Project("{9A19103F-16F7-4668-BE54-9A1E7A4F7556}") = "Phyros.Athena.Managers", "Phyros.Athena.Managers\Phyros.Athena.Managers.csproj", "{2F42984D-E98C-4460-B5F2-6485168506AD}"
EndProject
Project("{9A19103F-16F7-4668-BE54-9A1E7A4F7556}") = "Phyros.Athena.Engines", "Phyros.Athena.Engines\Phyros.Athena.Engines.csproj", "{9E50C466-6707-4B7B-B673-371B73D99366}"
EndProject
Project("{9A19103F-16F7-4668-BE54-9A1E7A4F7556}") = "Phyros.Athena.ProcessStore", "Phyros.Athena.ProcessStore\Phyros.Athena.ProcessStore.csproj", "{04856297-E9DC-4194-A563-DBAF129EC797}"
EndProject
Project("{9A19103F-16F7-4668-BE54-9A1E7A4F7556}") = "Phyros.Athena.ProcessItemStore", "Phyros.Athena.ProcessItemStore\Phyros.Athena.ProcessItemStore.csproj", "{57D7618A-7015-43FB-B8A0-D13F83097BCB}"
EndProject
Project("{9A19103F-16F7-4668-BE54-9A1E7A4F7556}") = "Phyros.Athena.ApiModels", "Phyros.Athena.ApiModels\Phyros.Athena.ApiModels.csproj", "{E71397F7-13FB-4226-BE49-19536F18DBF5}"
EndProject
Project("{9A19103F-16F7-4668-BE54-9A1E7A4F7556}") = "_build", "..\build\_build.csproj", "{75606A75-746C-457E-98DD-76EAA2B55559}"
EndProject
Project("{9A19103F-16F7-4668-BE54-9A1E7A4F7556}") = "Phyros.Athena.Managers.Default", "Phyros.Athena.Managers.Default\Phyros.Athena.Managers.Default.csproj", "{E08E1CD6-2944-41A2-82C5-B24712167179}"
EndProject
Project("{9A19103F-16F7-4668-BE54-9A1E7A4F7556}") = "Phyros.Athena.Engines.Default", "Phyros.Athena.Engines.Default\Phyros.Athena.Engines.Default.csproj", "{A67FA0CD-7C58-4AA8-9BAD-E3907FB15DD6}"
EndProject
Project("{9A19103F-16F7-4668-BE54-9A1E7A4F7556}") = "Phyros.Athena.ProcessItemStore.Default", "Phyros.Athena.ProcessItemStore.Default\Phyros.Athena.ProcessItemStore.Default.csproj", "{95F6C320-028D-49E7-9454-806BB023E3FC}"
EndProject
Project("{2150E333-8FDC-42A3-9474-1A3956D46DE8}") = "Process Items", "Process Items", "{A7B779B0-A750-4E80-BAD2-A8FF2A5FDED8}"
EndProject
Project("{2150E333-8FDC-42A3-9474-1A3956D46DE8}") = "Processes", "Processes", "{AABEFC6D-7F71-4359-B646-45071E3505D8}"
EndProject
Project("{2150E333-8FDC-42A3-9474-1A3956D46DE8}") = "Logs", "Logs", "{084CEB01-C59B-4ABB-95EC-DA85281B3ED3}"
EndProject
Project("{9A19103F-16F7-4668-BE54-9A1E7A4F7556}") = "Phyros.Athena.Logging", "Phyros.Athena.Logging\Phyros.Athena.Logging.csproj", "{EF99F390-4C51-45BE-81C7-8F2D1ADCF688}"
EndProject
Project("{9A19103F-16F7-4668-BE54-9A1E7A4F7556}") = "Phyros.Athena.Logging.SerilogLogger", "Phyros.Athena.Logging.Serilog\Phyros.Athena.Logging.SerilogLogger.csproj", "{B8392C9E-03C6-4683-8B67-6F86A9EAA2AC}"
EndProject
Project("{2150E333-8FDC-42A3-9474-1A3956D46DE8}") = "Queues", "Queues", "{85FD3DEE-0814-4A67-8CC4-CA3E2DC8A38A}"
EndProject
Project("{9A19103F-16F7-4668-BE54-9A1E7A4F7556}") = "Phyros.Athena.EngineTaskQueue", "Phyros.Athena.EngineTaskStore\Phyros.Athena.EngineTaskQueue.csproj", "{26CA774C-5FA1-4B7A-B616-A1610B6646DD}"
EndProject
Project("{2150E333-8FDC-42A3-9474-1A3956D46DE8}") = "Models", "Models", "{BC9DCD14-2025-4749-92F2-CCD7FD5116DF}"
EndProject
Project("{9A19103F-16F7-4668-BE54-9A1E7A4F7556}") = "Phyros.Athena.Model.Workflow.EventTriggers", "..\..\Phyros.Athena.Model.Workflow.EventTriggers\src\Phyros.Athena.Model.Workflow.EventTriggers\Phyros.Athena.Model.Workflow.EventTriggers.csproj", "{5DFC0365-1211-4F54-B853-803D5B413371}"
EndProject
Project("{9A19103F-16F7-4668-BE54-9A1E7A4F7556}") = "Phyros.Athena.Model.Workflow.Processes", "..\..\Phyros.Athena.Model.Workflow.Processes\src\Phyros.Athena.Model.Workflow.Processes\Phyros.Athena.Model.Workflow.Processes.csproj", "{90B1E58A-7299-414E-82B8-90D8D3533FAC}"
EndProject
Project("{9A19103F-16F7-4668-BE54-9A1E7A4F7556}") = "Phyros.Athena.Model.Workflow.ProcessItems", "..\..\Phyros.Athena.Model.Workflow.ProcessItems\src\Phyros.Athena.Model.Workflow.ProcessItems\Phyros.Athena.Model.Workflow.ProcessItems.csproj", "{988E7278-D637-43B5-80FF-ED5F33FAC7FB}"
EndProject
Project("{9A19103F-16F7-4668-BE54-9A1E7A4F7556}") = "Phyros.Athena.EventQueue", "Phyros.Athena.EventQueue\Phyros.Athena.EventQueue.csproj", "{8991B9D1-8671-4CB0-BEC8-10D7104C83DF}"
EndProject
Project("{9A19103F-16F7-4668-BE54-9A1E7A4F7556}") = "Phyros.Athena.Model.Workflow.Exceptions", "Phyros.Athena.Model.Workflow.Exceptions\Phyros.Athena.Model.Workflow.Exceptions.csproj", "{9FD9D5E2-E892-41D4-8E9F-861E34D8FA62}"
EndProject
Project("{FAE04EC0-301F-11D3-BF4B-00C04F79EFBC}") = "Phyros.Athena.Test.School", "Phyros.Athena.Test.School\Phyros.Athena.Test.School.csproj", "{BE17A7AF-2981-4C7B-A305-E252F99E6C12}"
EndProject
Global
	GlobalSection(SolutionConfigurationPlatforms) = preSolution
		Debug|Any CPU = Debug|Any CPU
		Release|Any CPU = Release|Any CPU
	EndGlobalSection
	GlobalSection(ProjectConfigurationPlatforms) = postSolution
		{73BC4407-C563-4CC8-95E9-77EDE06B3D1A}.Debug|Any CPU.ActiveCfg = Debug|Any CPU
		{73BC4407-C563-4CC8-95E9-77EDE06B3D1A}.Debug|Any CPU.Build.0 = Debug|Any CPU
		{73BC4407-C563-4CC8-95E9-77EDE06B3D1A}.Release|Any CPU.ActiveCfg = Release|Any CPU
		{73BC4407-C563-4CC8-95E9-77EDE06B3D1A}.Release|Any CPU.Build.0 = Release|Any CPU
		{4F9FD2C9-97A7-4A66-84AB-EAB26D0ACE37}.Debug|Any CPU.ActiveCfg = Debug|Any CPU
		{4F9FD2C9-97A7-4A66-84AB-EAB26D0ACE37}.Debug|Any CPU.Build.0 = Debug|Any CPU
		{4F9FD2C9-97A7-4A66-84AB-EAB26D0ACE37}.Release|Any CPU.ActiveCfg = Release|Any CPU
		{4F9FD2C9-97A7-4A66-84AB-EAB26D0ACE37}.Release|Any CPU.Build.0 = Release|Any CPU
		{CDD07517-BE2F-4B65-8A62-5B958025E507}.Debug|Any CPU.ActiveCfg = Debug|Any CPU
		{CDD07517-BE2F-4B65-8A62-5B958025E507}.Debug|Any CPU.Build.0 = Debug|Any CPU
		{CDD07517-BE2F-4B65-8A62-5B958025E507}.Release|Any CPU.ActiveCfg = Release|Any CPU
		{CDD07517-BE2F-4B65-8A62-5B958025E507}.Release|Any CPU.Build.0 = Release|Any CPU
		{2F42984D-E98C-4460-B5F2-6485168506AD}.Debug|Any CPU.ActiveCfg = Debug|Any CPU
		{2F42984D-E98C-4460-B5F2-6485168506AD}.Debug|Any CPU.Build.0 = Debug|Any CPU
		{2F42984D-E98C-4460-B5F2-6485168506AD}.Release|Any CPU.ActiveCfg = Release|Any CPU
		{2F42984D-E98C-4460-B5F2-6485168506AD}.Release|Any CPU.Build.0 = Release|Any CPU
		{9E50C466-6707-4B7B-B673-371B73D99366}.Debug|Any CPU.ActiveCfg = Debug|Any CPU
		{9E50C466-6707-4B7B-B673-371B73D99366}.Debug|Any CPU.Build.0 = Debug|Any CPU
		{9E50C466-6707-4B7B-B673-371B73D99366}.Release|Any CPU.ActiveCfg = Release|Any CPU
		{9E50C466-6707-4B7B-B673-371B73D99366}.Release|Any CPU.Build.0 = Release|Any CPU
		{04856297-E9DC-4194-A563-DBAF129EC797}.Debug|Any CPU.ActiveCfg = Debug|Any CPU
		{04856297-E9DC-4194-A563-DBAF129EC797}.Debug|Any CPU.Build.0 = Debug|Any CPU
		{04856297-E9DC-4194-A563-DBAF129EC797}.Release|Any CPU.ActiveCfg = Release|Any CPU
		{04856297-E9DC-4194-A563-DBAF129EC797}.Release|Any CPU.Build.0 = Release|Any CPU
		{57D7618A-7015-43FB-B8A0-D13F83097BCB}.Debug|Any CPU.ActiveCfg = Debug|Any CPU
		{57D7618A-7015-43FB-B8A0-D13F83097BCB}.Debug|Any CPU.Build.0 = Debug|Any CPU
		{57D7618A-7015-43FB-B8A0-D13F83097BCB}.Release|Any CPU.ActiveCfg = Release|Any CPU
		{57D7618A-7015-43FB-B8A0-D13F83097BCB}.Release|Any CPU.Build.0 = Release|Any CPU
		{E71397F7-13FB-4226-BE49-19536F18DBF5}.Debug|Any CPU.ActiveCfg = Debug|Any CPU
		{E71397F7-13FB-4226-BE49-19536F18DBF5}.Debug|Any CPU.Build.0 = Debug|Any CPU
		{E71397F7-13FB-4226-BE49-19536F18DBF5}.Release|Any CPU.ActiveCfg = Release|Any CPU
		{E71397F7-13FB-4226-BE49-19536F18DBF5}.Release|Any CPU.Build.0 = Release|Any CPU
		{75606A75-746C-457E-98DD-76EAA2B55559}.Debug|Any CPU.ActiveCfg = Debug|Any CPU
		{75606A75-746C-457E-98DD-76EAA2B55559}.Release|Any CPU.ActiveCfg = Release|Any CPU
		{E08E1CD6-2944-41A2-82C5-B24712167179}.Debug|Any CPU.ActiveCfg = Debug|Any CPU
		{E08E1CD6-2944-41A2-82C5-B24712167179}.Debug|Any CPU.Build.0 = Debug|Any CPU
		{E08E1CD6-2944-41A2-82C5-B24712167179}.Release|Any CPU.ActiveCfg = Release|Any CPU
		{E08E1CD6-2944-41A2-82C5-B24712167179}.Release|Any CPU.Build.0 = Release|Any CPU
		{A67FA0CD-7C58-4AA8-9BAD-E3907FB15DD6}.Debug|Any CPU.ActiveCfg = Debug|Any CPU
		{A67FA0CD-7C58-4AA8-9BAD-E3907FB15DD6}.Debug|Any CPU.Build.0 = Debug|Any CPU
		{A67FA0CD-7C58-4AA8-9BAD-E3907FB15DD6}.Release|Any CPU.ActiveCfg = Release|Any CPU
		{A67FA0CD-7C58-4AA8-9BAD-E3907FB15DD6}.Release|Any CPU.Build.0 = Release|Any CPU
		{95F6C320-028D-49E7-9454-806BB023E3FC}.Debug|Any CPU.ActiveCfg = Debug|Any CPU
		{95F6C320-028D-49E7-9454-806BB023E3FC}.Debug|Any CPU.Build.0 = Debug|Any CPU
		{95F6C320-028D-49E7-9454-806BB023E3FC}.Release|Any CPU.ActiveCfg = Release|Any CPU
		{95F6C320-028D-49E7-9454-806BB023E3FC}.Release|Any CPU.Build.0 = Release|Any CPU
		{EF99F390-4C51-45BE-81C7-8F2D1ADCF688}.Debug|Any CPU.ActiveCfg = Debug|Any CPU
		{EF99F390-4C51-45BE-81C7-8F2D1ADCF688}.Debug|Any CPU.Build.0 = Debug|Any CPU
		{EF99F390-4C51-45BE-81C7-8F2D1ADCF688}.Release|Any CPU.ActiveCfg = Release|Any CPU
		{EF99F390-4C51-45BE-81C7-8F2D1ADCF688}.Release|Any CPU.Build.0 = Release|Any CPU
		{B8392C9E-03C6-4683-8B67-6F86A9EAA2AC}.Debug|Any CPU.ActiveCfg = Debug|Any CPU
		{B8392C9E-03C6-4683-8B67-6F86A9EAA2AC}.Debug|Any CPU.Build.0 = Debug|Any CPU
		{B8392C9E-03C6-4683-8B67-6F86A9EAA2AC}.Release|Any CPU.ActiveCfg = Release|Any CPU
		{B8392C9E-03C6-4683-8B67-6F86A9EAA2AC}.Release|Any CPU.Build.0 = Release|Any CPU
		{26CA774C-5FA1-4B7A-B616-A1610B6646DD}.Debug|Any CPU.ActiveCfg = Debug|Any CPU
		{26CA774C-5FA1-4B7A-B616-A1610B6646DD}.Debug|Any CPU.Build.0 = Debug|Any CPU
		{26CA774C-5FA1-4B7A-B616-A1610B6646DD}.Release|Any CPU.ActiveCfg = Release|Any CPU
		{26CA774C-5FA1-4B7A-B616-A1610B6646DD}.Release|Any CPU.Build.0 = Release|Any CPU
		{5DFC0365-1211-4F54-B853-803D5B413371}.Debug|Any CPU.ActiveCfg = Debug|Any CPU
		{5DFC0365-1211-4F54-B853-803D5B413371}.Debug|Any CPU.Build.0 = Debug|Any CPU
		{5DFC0365-1211-4F54-B853-803D5B413371}.Release|Any CPU.ActiveCfg = Release|Any CPU
		{5DFC0365-1211-4F54-B853-803D5B413371}.Release|Any CPU.Build.0 = Release|Any CPU
		{90B1E58A-7299-414E-82B8-90D8D3533FAC}.Debug|Any CPU.ActiveCfg = Debug|Any CPU
		{90B1E58A-7299-414E-82B8-90D8D3533FAC}.Debug|Any CPU.Build.0 = Debug|Any CPU
		{90B1E58A-7299-414E-82B8-90D8D3533FAC}.Release|Any CPU.ActiveCfg = Release|Any CPU
		{90B1E58A-7299-414E-82B8-90D8D3533FAC}.Release|Any CPU.Build.0 = Release|Any CPU
		{988E7278-D637-43B5-80FF-ED5F33FAC7FB}.Debug|Any CPU.ActiveCfg = Debug|Any CPU
		{988E7278-D637-43B5-80FF-ED5F33FAC7FB}.Debug|Any CPU.Build.0 = Debug|Any CPU
		{988E7278-D637-43B5-80FF-ED5F33FAC7FB}.Release|Any CPU.ActiveCfg = Release|Any CPU
		{988E7278-D637-43B5-80FF-ED5F33FAC7FB}.Release|Any CPU.Build.0 = Release|Any CPU
		{8991B9D1-8671-4CB0-BEC8-10D7104C83DF}.Debug|Any CPU.ActiveCfg = Debug|Any CPU
		{8991B9D1-8671-4CB0-BEC8-10D7104C83DF}.Debug|Any CPU.Build.0 = Debug|Any CPU
		{8991B9D1-8671-4CB0-BEC8-10D7104C83DF}.Release|Any CPU.ActiveCfg = Release|Any CPU
		{8991B9D1-8671-4CB0-BEC8-10D7104C83DF}.Release|Any CPU.Build.0 = Release|Any CPU
		{9FD9D5E2-E892-41D4-8E9F-861E34D8FA62}.Debug|Any CPU.ActiveCfg = Debug|Any CPU
		{9FD9D5E2-E892-41D4-8E9F-861E34D8FA62}.Debug|Any CPU.Build.0 = Debug|Any CPU
		{9FD9D5E2-E892-41D4-8E9F-861E34D8FA62}.Release|Any CPU.ActiveCfg = Release|Any CPU
		{9FD9D5E2-E892-41D4-8E9F-861E34D8FA62}.Release|Any CPU.Build.0 = Release|Any CPU
		{BE17A7AF-2981-4C7B-A305-E252F99E6C12}.Debug|Any CPU.ActiveCfg = Debug|Any CPU
		{BE17A7AF-2981-4C7B-A305-E252F99E6C12}.Debug|Any CPU.Build.0 = Debug|Any CPU
		{BE17A7AF-2981-4C7B-A305-E252F99E6C12}.Release|Any CPU.ActiveCfg = Release|Any CPU
		{BE17A7AF-2981-4C7B-A305-E252F99E6C12}.Release|Any CPU.Build.0 = Release|Any CPU
	EndGlobalSection
	GlobalSection(SolutionProperties) = preSolution
		HideSolutionNode = FALSE
	EndGlobalSection
	GlobalSection(NestedProjects) = preSolution
		{73BC4407-C563-4CC8-95E9-77EDE06B3D1A} = {F6228359-0E0E-4203-BE89-441B14E367A8}
		{4F9FD2C9-97A7-4A66-84AB-EAB26D0ACE37} = {F6228359-0E0E-4203-BE89-441B14E367A8}
		{CDD07517-BE2F-4B65-8A62-5B958025E507} = {F6228359-0E0E-4203-BE89-441B14E367A8}
		{2F42984D-E98C-4460-B5F2-6485168506AD} = {AC52770B-348C-4C90-B312-85AB32CF63D8}
		{9E50C466-6707-4B7B-B673-371B73D99366} = {A3EB8481-2D21-4B4D-AFA4-4FCF0C96C3A1}
		{04856297-E9DC-4194-A563-DBAF129EC797} = {AABEFC6D-7F71-4359-B646-45071E3505D8}
		{57D7618A-7015-43FB-B8A0-D13F83097BCB} = {A7B779B0-A750-4E80-BAD2-A8FF2A5FDED8}
		{E71397F7-13FB-4226-BE49-19536F18DBF5} = {F6228359-0E0E-4203-BE89-441B14E367A8}
		{E08E1CD6-2944-41A2-82C5-B24712167179} = {AC52770B-348C-4C90-B312-85AB32CF63D8}
		{A67FA0CD-7C58-4AA8-9BAD-E3907FB15DD6} = {A3EB8481-2D21-4B4D-AFA4-4FCF0C96C3A1}
		{95F6C320-028D-49E7-9454-806BB023E3FC} = {A7B779B0-A750-4E80-BAD2-A8FF2A5FDED8}
		{A7B779B0-A750-4E80-BAD2-A8FF2A5FDED8} = {2E9FB976-847F-4BCB-9018-D51D99868BEB}
		{AABEFC6D-7F71-4359-B646-45071E3505D8} = {2E9FB976-847F-4BCB-9018-D51D99868BEB}
		{084CEB01-C59B-4ABB-95EC-DA85281B3ED3} = {2E9FB976-847F-4BCB-9018-D51D99868BEB}
		{EF99F390-4C51-45BE-81C7-8F2D1ADCF688} = {084CEB01-C59B-4ABB-95EC-DA85281B3ED3}
		{B8392C9E-03C6-4683-8B67-6F86A9EAA2AC} = {084CEB01-C59B-4ABB-95EC-DA85281B3ED3}
		{85FD3DEE-0814-4A67-8CC4-CA3E2DC8A38A} = {2E9FB976-847F-4BCB-9018-D51D99868BEB}
		{26CA774C-5FA1-4B7A-B616-A1610B6646DD} = {85FD3DEE-0814-4A67-8CC4-CA3E2DC8A38A}
		{5DFC0365-1211-4F54-B853-803D5B413371} = {BC9DCD14-2025-4749-92F2-CCD7FD5116DF}
		{90B1E58A-7299-414E-82B8-90D8D3533FAC} = {BC9DCD14-2025-4749-92F2-CCD7FD5116DF}
		{988E7278-D637-43B5-80FF-ED5F33FAC7FB} = {BC9DCD14-2025-4749-92F2-CCD7FD5116DF}
		{8991B9D1-8671-4CB0-BEC8-10D7104C83DF} = {85FD3DEE-0814-4A67-8CC4-CA3E2DC8A38A}
		{9FD9D5E2-E892-41D4-8E9F-861E34D8FA62} = {BC9DCD14-2025-4749-92F2-CCD7FD5116DF}
		{BE17A7AF-2981-4C7B-A305-E252F99E6C12} = {F6228359-0E0E-4203-BE89-441B14E367A8}
	EndGlobalSection
	GlobalSection(ExtensibilityGlobals) = postSolution
		SolutionGuid = {147F3B03-B40B-4D18-854B-1CD2CA65CFB8}
	EndGlobalSection
EndGlobal
